
Microsoft Visual Studio Solution File, Format Version 12.00
# Visual Studio 15
VisualStudioVersion = 15.0.28010.2050
MinimumVisualStudioVersion = 10.0.40219.1
Project("{FAE04EC0-301F-11D3-BF4B-00C04F79EFBC}") = "EKtonersemp.Android", "EKtonersemp\EKtonersemp.Android\EKtonersemp.Android.csproj", "{15BD2929-B989-4C5E-8572-09ACBB94EEC1}"
EndProject
Project("{FAE04EC0-301F-11D3-BF4B-00C04F79EFBC}") = "EKtonersemp.iOS", "EKtonersemp\EKtonersemp.iOS\EKtonersemp.iOS.csproj", "{FD5E60DE-DA2E-4BB0-9BA8-F3E7F73C195C}"
EndProject
Project("{9A19103F-16F7-4668-BE54-9A1E7A4F7556}") = "EKtonersemp", "EKtonersemp\EKtonersemp\EKtonersemp.csproj", "{27D17800-6C80-440C-AE32-FDE9DD8C2250}"
EndProject
Project("{FAE04EC0-301F-11D3-BF4B-00C04F79EFBC}") = "EKtonersemp.Backend", "EKtonersemp.Backend\EKtonersemp.Backend.csproj", "{DA58F5BA-94D3-409E-AFE3-BA1EE5D23A85}"
EndProject
Project("{FAE04EC0-301F-11D3-BF4B-00C04F79EFBC}") = "EKtonersemp.API", "EKtonersemp.API\EKtonersemp.API.csproj", "{03AAC411-DDDE-450D-A70E-EA77300D88A0}"
EndProject
Project("{FAE04EC0-301F-11D3-BF4B-00C04F79EFBC}") = "EKtonersemp.Common", "EKtonersemp.Common\EKtonersemp.Common.csproj", "{1771C7DD-B47C-4897-AC82-4B37D97B831D}"
EndProject
Project("{FAE04EC0-301F-11D3-BF4B-00C04F79EFBC}") = "EKtonersemp.Domain", "EKtonersemp.Domain\EKtonersemp.Domain.csproj", "{3AF9AD4F-240F-49BB-8B28-0425835EB5B6}"
EndProject
Global
	GlobalSection(SolutionConfigurationPlatforms) = preSolution
		Ad-Hoc|Any CPU = Ad-Hoc|Any CPU
		Ad-Hoc|iPhone = Ad-Hoc|iPhone
		Ad-Hoc|iPhoneSimulator = Ad-Hoc|iPhoneSimulator
		AppStore|Any CPU = AppStore|Any CPU
		AppStore|iPhone = AppStore|iPhone
		AppStore|iPhoneSimulator = AppStore|iPhoneSimulator
		Debug|Any CPU = Debug|Any CPU
		Debug|iPhone = Debug|iPhone
		Debug|iPhoneSimulator = Debug|iPhoneSimulator
		Release|Any CPU = Release|Any CPU
		Release|iPhone = Release|iPhone
		Release|iPhoneSimulator = Release|iPhoneSimulator
	EndGlobalSection
	GlobalSection(ProjectConfigurationPlatforms) = postSolution
		{15BD2929-B989-4C5E-8572-09ACBB94EEC1}.Ad-Hoc|Any CPU.ActiveCfg = Release|Any CPU
		{15BD2929-B989-4C5E-8572-09ACBB94EEC1}.Ad-Hoc|Any CPU.Build.0 = Release|Any CPU
		{15BD2929-B989-4C5E-8572-09ACBB94EEC1}.Ad-Hoc|Any CPU.Deploy.0 = Release|Any CPU
		{15BD2929-B989-4C5E-8572-09ACBB94EEC1}.Ad-Hoc|iPhone.ActiveCfg = Release|Any CPU
		{15BD2929-B989-4C5E-8572-09ACBB94EEC1}.Ad-Hoc|iPhone.Build.0 = Release|Any CPU
		{15BD2929-B989-4C5E-8572-09ACBB94EEC1}.Ad-Hoc|iPhone.Deploy.0 = Release|Any CPU
		{15BD2929-B989-4C5E-8572-09ACBB94EEC1}.Ad-Hoc|iPhoneSimulator.ActiveCfg = Release|Any CPU
		{15BD2929-B989-4C5E-8572-09ACBB94EEC1}.Ad-Hoc|iPhoneSimulator.Build.0 = Release|Any CPU
		{15BD2929-B989-4C5E-8572-09ACBB94EEC1}.Ad-Hoc|iPhoneSimulator.Deploy.0 = Release|Any CPU
		{15BD2929-B989-4C5E-8572-09ACBB94EEC1}.AppStore|Any CPU.ActiveCfg = Release|Any CPU
		{15BD2929-B989-4C5E-8572-09ACBB94EEC1}.AppStore|Any CPU.Build.0 = Release|Any CPU
		{15BD2929-B989-4C5E-8572-09ACBB94EEC1}.AppStore|Any CPU.Deploy.0 = Release|Any CPU
		{15BD2929-B989-4C5E-8572-09ACBB94EEC1}.AppStore|iPhone.ActiveCfg = Release|Any CPU
		{15BD2929-B989-4C5E-8572-09ACBB94EEC1}.AppStore|iPhone.Build.0 = Release|Any CPU
		{15BD2929-B989-4C5E-8572-09ACBB94EEC1}.AppStore|iPhone.Deploy.0 = Release|Any CPU
		{15BD2929-B989-4C5E-8572-09ACBB94EEC1}.AppStore|iPhoneSimulator.ActiveCfg = Release|Any CPU
		{15BD2929-B989-4C5E-8572-09ACBB94EEC1}.AppStore|iPhoneSimulator.Build.0 = Release|Any CPU
		{15BD2929-B989-4C5E-8572-09ACBB94EEC1}.AppStore|iPhoneSimulator.Deploy.0 = Release|Any CPU
		{15BD2929-B989-4C5E-8572-09ACBB94EEC1}.Debug|Any CPU.ActiveCfg = Debug|Any CPU
		{15BD2929-B989-4C5E-8572-09ACBB94EEC1}.Debug|Any CPU.Build.0 = Debug|Any CPU
		{15BD2929-B989-4C5E-8572-09ACBB94EEC1}.Debug|Any CPU.Deploy.0 = Debug|Any CPU
		{15BD2929-B989-4C5E-8572-09ACBB94EEC1}.Debug|iPhone.ActiveCfg = Debug|Any CPU
		{15BD2929-B989-4C5E-8572-09ACBB94EEC1}.Debug|iPhone.Build.0 = Debug|Any CPU
		{15BD2929-B989-4C5E-8572-09ACBB94EEC1}.Debug|iPhone.Deploy.0 = Debug|Any CPU
		{15BD2929-B989-4C5E-8572-09ACBB94EEC1}.Debug|iPhoneSimulator.ActiveCfg = Debug|Any CPU
		{15BD2929-B989-4C5E-8572-09ACBB94EEC1}.Debug|iPhoneSimulator.Build.0 = Debug|Any CPU
		{15BD2929-B989-4C5E-8572-09ACBB94EEC1}.Debug|iPhoneSimulator.Deploy.0 = Debug|Any CPU
		{15BD2929-B989-4C5E-8572-09ACBB94EEC1}.Release|Any CPU.ActiveCfg = Release|Any CPU
		{15BD2929-B989-4C5E-8572-09ACBB94EEC1}.Release|Any CPU.Build.0 = Release|Any CPU
		{15BD2929-B989-4C5E-8572-09ACBB94EEC1}.Release|Any CPU.Deploy.0 = Release|Any CPU
		{15BD2929-B989-4C5E-8572-09ACBB94EEC1}.Release|iPhone.ActiveCfg = Release|Any CPU
		{15BD2929-B989-4C5E-8572-09ACBB94EEC1}.Release|iPhone.Build.0 = Release|Any CPU
		{15BD2929-B989-4C5E-8572-09ACBB94EEC1}.Release|iPhone.Deploy.0 = Release|Any CPU
		{15BD2929-B989-4C5E-8572-09ACBB94EEC1}.Release|iPhoneSimulator.ActiveCfg = Release|Any CPU
		{15BD2929-B989-4C5E-8572-09ACBB94EEC1}.Release|iPhoneSimulator.Build.0 = Release|Any CPU
		{15BD2929-B989-4C5E-8572-09ACBB94EEC1}.Release|iPhoneSimulator.Deploy.0 = Release|Any CPU
		{FD5E60DE-DA2E-4BB0-9BA8-F3E7F73C195C}.Ad-Hoc|Any CPU.ActiveCfg = Ad-Hoc|iPhone
		{FD5E60DE-DA2E-4BB0-9BA8-F3E7F73C195C}.Ad-Hoc|Any CPU.Build.0 = Ad-Hoc|iPhone
		{FD5E60DE-DA2E-4BB0-9BA8-F3E7F73C195C}.Ad-Hoc|Any CPU.Deploy.0 = Ad-Hoc|iPhone
		{FD5E60DE-DA2E-4BB0-9BA8-F3E7F73C195C}.Ad-Hoc|iPhone.ActiveCfg = Ad-Hoc|iPhone
		{FD5E60DE-DA2E-4BB0-9BA8-F3E7F73C195C}.Ad-Hoc|iPhone.Build.0 = Ad-Hoc|iPhone
		{FD5E60DE-DA2E-4BB0-9BA8-F3E7F73C195C}.Ad-Hoc|iPhone.Deploy.0 = Ad-Hoc|iPhone
		{FD5E60DE-DA2E-4BB0-9BA8-F3E7F73C195C}.Ad-Hoc|iPhoneSimulator.ActiveCfg = Ad-Hoc|iPhoneSimulator
		{FD5E60DE-DA2E-4BB0-9BA8-F3E7F73C195C}.Ad-Hoc|iPhoneSimulator.Build.0 = Ad-Hoc|iPhoneSimulator
		{FD5E60DE-DA2E-4BB0-9BA8-F3E7F73C195C}.Ad-Hoc|iPhoneSimulator.Deploy.0 = Ad-Hoc|iPhoneSimulator
		{FD5E60DE-DA2E-4BB0-9BA8-F3E7F73C195C}.AppStore|Any CPU.ActiveCfg = AppStore|iPhone
		{FD5E60DE-DA2E-4BB0-9BA8-F3E7F73C195C}.AppStore|Any CPU.Build.0 = AppStore|iPhone
		{FD5E60DE-DA2E-4BB0-9BA8-F3E7F73C195C}.AppStore|Any CPU.Deploy.0 = AppStore|iPhone
		{FD5E60DE-DA2E-4BB0-9BA8-F3E7F73C195C}.AppStore|iPhone.ActiveCfg = AppStore|iPhone
		{FD5E60DE-DA2E-4BB0-9BA8-F3E7F73C195C}.AppStore|iPhone.Build.0 = AppStore|iPhone
		{FD5E60DE-DA2E-4BB0-9BA8-F3E7F73C195C}.AppStore|iPhone.Deploy.0 = AppStore|iPhone
		{FD5E60DE-DA2E-4BB0-9BA8-F3E7F73C195C}.AppStore|iPhoneSimulator.ActiveCfg = AppStore|iPhoneSimulator
		{FD5E60DE-DA2E-4BB0-9BA8-F3E7F73C195C}.AppStore|iPhoneSimulator.Build.0 = AppStore|iPhoneSimulator
		{FD5E60DE-DA2E-4BB0-9BA8-F3E7F73C195C}.AppStore|iPhoneSimulator.Deploy.0 = AppStore|iPhoneSimulator
		{FD5E60DE-DA2E-4BB0-9BA8-F3E7F73C195C}.Debug|Any CPU.ActiveCfg = Debug|iPhoneSimulator
		{FD5E60DE-DA2E-4BB0-9BA8-F3E7F73C195C}.Debug|Any CPU.Build.0 = Debug|iPhoneSimulator
		{FD5E60DE-DA2E-4BB0-9BA8-F3E7F73C195C}.Debug|Any CPU.Deploy.0 = Debug|iPhoneSimulator
		{FD5E60DE-DA2E-4BB0-9BA8-F3E7F73C195C}.Debug|iPhone.ActiveCfg = Debug|iPhone
		{FD5E60DE-DA2E-4BB0-9BA8-F3E7F73C195C}.Debug|iPhone.Build.0 = Debug|iPhone
		{FD5E60DE-DA2E-4BB0-9BA8-F3E7F73C195C}.Debug|iPhone.Deploy.0 = Debug|iPhone
		{FD5E60DE-DA2E-4BB0-9BA8-F3E7F73C195C}.Debug|iPhoneSimulator.ActiveCfg = Debug|iPhoneSimulator
		{FD5E60DE-DA2E-4BB0-9BA8-F3E7F73C195C}.Debug|iPhoneSimulator.Build.0 = Debug|iPhoneSimulator
		{FD5E60DE-DA2E-4BB0-9BA8-F3E7F73C195C}.Debug|iPhoneSimulator.Deploy.0 = Debug|iPhoneSimulator
		{FD5E60DE-DA2E-4BB0-9BA8-F3E7F73C195C}.Release|Any CPU.ActiveCfg = Release|iPhone
		{FD5E60DE-DA2E-4BB0-9BA8-F3E7F73C195C}.Release|Any CPU.Build.0 = Release|iPhone
		{FD5E60DE-DA2E-4BB0-9BA8-F3E7F73C195C}.Release|Any CPU.Deploy.0 = Release|iPhone
		{FD5E60DE-DA2E-4BB0-9BA8-F3E7F73C195C}.Release|iPhone.ActiveCfg = Release|iPhone
		{FD5E60DE-DA2E-4BB0-9BA8-F3E7F73C195C}.Release|iPhone.Build.0 = Release|iPhone
		{FD5E60DE-DA2E-4BB0-9BA8-F3E7F73C195C}.Release|iPhone.Deploy.0 = Release|iPhone
		{FD5E60DE-DA2E-4BB0-9BA8-F3E7F73C195C}.Release|iPhoneSimulator.ActiveCfg = Release|iPhoneSimulator
		{FD5E60DE-DA2E-4BB0-9BA8-F3E7F73C195C}.Release|iPhoneSimulator.Build.0 = Release|iPhoneSimulator
		{FD5E60DE-DA2E-4BB0-9BA8-F3E7F73C195C}.Release|iPhoneSimulator.Deploy.0 = Release|iPhoneSimulator
		{27D17800-6C80-440C-AE32-FDE9DD8C2250}.Ad-Hoc|Any CPU.ActiveCfg = Debug|Any CPU
		{27D17800-6C80-440C-AE32-FDE9DD8C2250}.Ad-Hoc|Any CPU.Build.0 = Debug|Any CPU
		{27D17800-6C80-440C-AE32-FDE9DD8C2250}.Ad-Hoc|Any CPU.Deploy.0 = Debug|Any CPU
		{27D17800-6C80-440C-AE32-FDE9DD8C2250}.Ad-Hoc|iPhone.ActiveCfg = Debug|Any CPU
		{27D17800-6C80-440C-AE32-FDE9DD8C2250}.Ad-Hoc|iPhone.Build.0 = Debug|Any CPU
		{27D17800-6C80-440C-AE32-FDE9DD8C2250}.Ad-Hoc|iPhone.Deploy.0 = Debug|Any CPU
		{27D17800-6C80-440C-AE32-FDE9DD8C2250}.Ad-Hoc|iPhoneSimulator.ActiveCfg = Debug|Any CPU
		{27D17800-6C80-440C-AE32-FDE9DD8C2250}.Ad-Hoc|iPhoneSimulator.Build.0 = Debug|Any CPU
		{27D17800-6C80-440C-AE32-FDE9DD8C2250}.Ad-Hoc|iPhoneSimulator.Deploy.0 = Debug|Any CPU
		{27D17800-6C80-440C-AE32-FDE9DD8C2250}.AppStore|Any CPU.ActiveCfg = Debug|Any CPU
		{27D17800-6C80-440C-AE32-FDE9DD8C2250}.AppStore|Any CPU.Build.0 = Debug|Any CPU
		{27D17800-6C80-440C-AE32-FDE9DD8C2250}.AppStore|Any CPU.Deploy.0 = Debug|Any CPU
		{27D17800-6C80-440C-AE32-FDE9DD8C2250}.AppStore|iPhone.ActiveCfg = Debug|Any CPU
		{27D17800-6C80-440C-AE32-FDE9DD8C2250}.AppStore|iPhone.Build.0 = Debug|Any CPU
		{27D17800-6C80-440C-AE32-FDE9DD8C2250}.AppStore|iPhone.Deploy.0 = Debug|Any CPU
		{27D17800-6C80-440C-AE32-FDE9DD8C2250}.AppStore|iPhoneSimulator.ActiveCfg = Debug|Any CPU
		{27D17800-6C80-440C-AE32-FDE9DD8C2250}.AppStore|iPhoneSimulator.Build.0 = Debug|Any CPU
		{27D17800-6C80-440C-AE32-FDE9DD8C2250}.AppStore|iPhoneSimulator.Deploy.0 = Debug|Any CPU
		{27D17800-6C80-440C-AE32-FDE9DD8C2250}.Debug|Any CPU.ActiveCfg = Debug|Any CPU
		{27D17800-6C80-440C-AE32-FDE9DD8C2250}.Debug|Any CPU.Build.0 = Debug|Any CPU
		{27D17800-6C80-440C-AE32-FDE9DD8C2250}.Debug|Any CPU.Deploy.0 = Debug|Any CPU
		{27D17800-6C80-440C-AE32-FDE9DD8C2250}.Debug|iPhone.ActiveCfg = Debug|Any CPU
		{27D17800-6C80-440C-AE32-FDE9DD8C2250}.Debug|iPhone.Build.0 = Debug|Any CPU
		{27D17800-6C80-440C-AE32-FDE9DD8C2250}.Debug|iPhone.Deploy.0 = Debug|Any CPU
		{27D17800-6C80-440C-AE32-FDE9DD8C2250}.Debug|iPhoneSimulator.ActiveCfg = Debug|Any CPU
		{27D17800-6C80-440C-AE32-FDE9DD8C2250}.Debug|iPhoneSimulator.Build.0 = Debug|Any CPU
		{27D17800-6C80-440C-AE32-FDE9DD8C2250}.Debug|iPhoneSimulator.Deploy.0 = Debug|Any CPU
		{27D17800-6C80-440C-AE32-FDE9DD8C2250}.Release|Any CPU.ActiveCfg = Release|Any CPU
		{27D17800-6C80-440C-AE32-FDE9DD8C2250}.Release|Any CPU.Build.0 = Release|Any CPU
		{27D17800-6C80-440C-AE32-FDE9DD8C2250}.Release|Any CPU.Deploy.0 = Release|Any CPU
		{27D17800-6C80-440C-AE32-FDE9DD8C2250}.Release|iPhone.ActiveCfg = Release|Any CPU
		{27D17800-6C80-440C-AE32-FDE9DD8C2250}.Release|iPhone.Build.0 = Release|Any CPU
		{27D17800-6C80-440C-AE32-FDE9DD8C2250}.Release|iPhone.Deploy.0 = Release|Any CPU
		{27D17800-6C80-440C-AE32-FDE9DD8C2250}.Release|iPhoneSimulator.ActiveCfg = Release|Any CPU
		{27D17800-6C80-440C-AE32-FDE9DD8C2250}.Release|iPhoneSimulator.Build.0 = Release|Any CPU
		{27D17800-6C80-440C-AE32-FDE9DD8C2250}.Release|iPhoneSimulator.Deploy.0 = Release|Any CPU
		{DA58F5BA-94D3-409E-AFE3-BA1EE5D23A85}.Ad-Hoc|Any CPU.ActiveCfg = Release|Any CPU
		{DA58F5BA-94D3-409E-AFE3-BA1EE5D23A85}.Ad-Hoc|Any CPU.Build.0 = Release|Any CPU
		{DA58F5BA-94D3-409E-AFE3-BA1EE5D23A85}.Ad-Hoc|iPhone.ActiveCfg = Release|Any CPU
		{DA58F5BA-94D3-409E-AFE3-BA1EE5D23A85}.Ad-Hoc|iPhone.Build.0 = Release|Any CPU
		{DA58F5BA-94D3-409E-AFE3-BA1EE5D23A85}.Ad-Hoc|iPhoneSimulator.ActiveCfg = Release|Any CPU
		{DA58F5BA-94D3-409E-AFE3-BA1EE5D23A85}.Ad-Hoc|iPhoneSimulator.Build.0 = Release|Any CPU
		{DA58F5BA-94D3-409E-AFE3-BA1EE5D23A85}.AppStore|Any CPU.ActiveCfg = Release|Any CPU
		{DA58F5BA-94D3-409E-AFE3-BA1EE5D23A85}.AppStore|Any CPU.Build.0 = Release|Any CPU
		{DA58F5BA-94D3-409E-AFE3-BA1EE5D23A85}.AppStore|iPhone.ActiveCfg = Release|Any CPU
		{DA58F5BA-94D3-409E-AFE3-BA1EE5D23A85}.AppStore|iPhone.Build.0 = Release|Any CPU
		{DA58F5BA-94D3-409E-AFE3-BA1EE5D23A85}.AppStore|iPhoneSimulator.ActiveCfg = Release|Any CPU
		{DA58F5BA-94D3-409E-AFE3-BA1EE5D23A85}.AppStore|iPhoneSimulator.Build.0 = Release|Any CPU
		{DA58F5BA-94D3-409E-AFE3-BA1EE5D23A85}.Debug|Any CPU.ActiveCfg = Debug|Any CPU
		{DA58F5BA-94D3-409E-AFE3-BA1EE5D23A85}.Debug|Any CPU.Build.0 = Debug|Any CPU
		{DA58F5BA-94D3-409E-AFE3-BA1EE5D23A85}.Debug|iPhone.ActiveCfg = Debug|Any CPU
		{DA58F5BA-94D3-409E-AFE3-BA1EE5D23A85}.Debug|iPhone.Build.0 = Debug|Any CPU
		{DA58F5BA-94D3-409E-AFE3-BA1EE5D23A85}.Debug|iPhoneSimulator.ActiveCfg = Debug|Any CPU
		{DA58F5BA-94D3-409E-AFE3-BA1EE5D23A85}.Debug|iPhoneSimulator.Build.0 = Debug|Any CPU
		{DA58F5BA-94D3-409E-AFE3-BA1EE5D23A85}.Release|Any CPU.ActiveCfg = Release|Any CPU
		{DA58F5BA-94D3-409E-AFE3-BA1EE5D23A85}.Release|Any CPU.Build.0 = Release|Any CPU
		{DA58F5BA-94D3-409E-AFE3-BA1EE5D23A85}.Release|iPhone.ActiveCfg = Release|Any CPU
		{DA58F5BA-94D3-409E-AFE3-BA1EE5D23A85}.Release|iPhone.Build.0 = Release|Any CPU
		{DA58F5BA-94D3-409E-AFE3-BA1EE5D23A85}.Release|iPhoneSimulator.ActiveCfg = Release|Any CPU
		{DA58F5BA-94D3-409E-AFE3-BA1EE5D23A85}.Release|iPhoneSimulator.Build.0 = Release|Any CPU
		{03AAC411-DDDE-450D-A70E-EA77300D88A0}.Ad-Hoc|Any CPU.ActiveCfg = Release|Any CPU
		{03AAC411-DDDE-450D-A70E-EA77300D88A0}.Ad-Hoc|Any CPU.Build.0 = Release|Any CPU
		{03AAC411-DDDE-450D-A70E-EA77300D88A0}.Ad-Hoc|iPhone.ActiveCfg = Release|Any CPU
		{03AAC411-DDDE-450D-A70E-EA77300D88A0}.Ad-Hoc|iPhone.Build.0 = Release|Any CPU
		{03AAC411-DDDE-450D-A70E-EA77300D88A0}.Ad-Hoc|iPhoneSimulator.ActiveCfg = Release|Any CPU
		{03AAC411-DDDE-450D-A70E-EA77300D88A0}.Ad-Hoc|iPhoneSimulator.Build.0 = Release|Any CPU
		{03AAC411-DDDE-450D-A70E-EA77300D88A0}.AppStore|Any CPU.ActiveCfg = Release|Any CPU
		{03AAC411-DDDE-450D-A70E-EA77300D88A0}.AppStore|Any CPU.Build.0 = Release|Any CPU
		{03AAC411-DDDE-450D-A70E-EA77300D88A0}.AppStore|iPhone.ActiveCfg = Release|Any CPU
		{03AAC411-DDDE-450D-A70E-EA77300D88A0}.AppStore|iPhone.Build.0 = Release|Any CPU
		{03AAC411-DDDE-450D-A70E-EA77300D88A0}.AppStore|iPhoneSimulator.ActiveCfg = Release|Any CPU
		{03AAC411-DDDE-450D-A70E-EA77300D88A0}.AppStore|iPhoneSimulator.Build.0 = Release|Any CPU
		{03AAC411-DDDE-450D-A70E-EA77300D88A0}.Debug|Any CPU.ActiveCfg = Debug|Any CPU
		{03AAC411-DDDE-450D-A70E-EA77300D88A0}.Debug|Any CPU.Build.0 = Debug|Any CPU
		{03AAC411-DDDE-450D-A70E-EA77300D88A0}.Debug|iPhone.ActiveCfg = Debug|Any CPU
		{03AAC411-DDDE-450D-A70E-EA77300D88A0}.Debug|iPhone.Build.0 = Debug|Any CPU
		{03AAC411-DDDE-450D-A70E-EA77300D88A0}.Debug|iPhoneSimulator.ActiveCfg = Debug|Any CPU
		{03AAC411-DDDE-450D-A70E-EA77300D88A0}.Debug|iPhoneSimulator.Build.0 = Debug|Any CPU
		{03AAC411-DDDE-450D-A70E-EA77300D88A0}.Release|Any CPU.ActiveCfg = Release|Any CPU
		{03AAC411-DDDE-450D-A70E-EA77300D88A0}.Release|Any CPU.Build.0 = Release|Any CPU
		{03AAC411-DDDE-450D-A70E-EA77300D88A0}.Release|iPhone.ActiveCfg = Release|Any CPU
		{03AAC411-DDDE-450D-A70E-EA77300D88A0}.Release|iPhone.Build.0 = Release|Any CPU
		{03AAC411-DDDE-450D-A70E-EA77300D88A0}.Release|iPhoneSimulator.ActiveCfg = Release|Any CPU
		{03AAC411-DDDE-450D-A70E-EA77300D88A0}.Release|iPhoneSimulator.Build.0 = Release|Any CPU
		{1771C7DD-B47C-4897-AC82-4B37D97B831D}.Ad-Hoc|Any CPU.ActiveCfg = Release|Any CPU
		{1771C7DD-B47C-4897-AC82-4B37D97B831D}.Ad-Hoc|Any CPU.Build.0 = Release|Any CPU
		{1771C7DD-B47C-4897-AC82-4B37D97B831D}.Ad-Hoc|iPhone.ActiveCfg = Release|Any CPU
		{1771C7DD-B47C-4897-AC82-4B37D97B831D}.Ad-Hoc|iPhone.Build.0 = Release|Any CPU
		{1771C7DD-B47C-4897-AC82-4B37D97B831D}.Ad-Hoc|iPhoneSimulator.ActiveCfg = Release|Any CPU
		{1771C7DD-B47C-4897-AC82-4B37D97B831D}.Ad-Hoc|iPhoneSimulator.Build.0 = Release|Any CPU
		{1771C7DD-B47C-4897-AC82-4B37D97B831D}.AppStore|Any CPU.ActiveCfg = Release|Any CPU
		{1771C7DD-B47C-4897-AC82-4B37D97B831D}.AppStore|Any CPU.Build.0 = Release|Any CPU
		{1771C7DD-B47C-4897-AC82-4B37D97B831D}.AppStore|iPhone.ActiveCfg = Release|Any CPU
		{1771C7DD-B47C-4897-AC82-4B37D97B831D}.AppStore|iPhone.Build.0 = Release|Any CPU
		{1771C7DD-B47C-4897-AC82-4B37D97B831D}.AppStore|iPhoneSimulator.ActiveCfg = Release|Any CPU
		{1771C7DD-B47C-4897-AC82-4B37D97B831D}.AppStore|iPhoneSimulator.Build.0 = Release|Any CPU
		{1771C7DD-B47C-4897-AC82-4B37D97B831D}.Debug|Any CPU.ActiveCfg = Debug|Any CPU
		{1771C7DD-B47C-4897-AC82-4B37D97B831D}.Debug|Any CPU.Build.0 = Debug|Any CPU
		{1771C7DD-B47C-4897-AC82-4B37D97B831D}.Debug|iPhone.ActiveCfg = Debug|Any CPU
		{1771C7DD-B47C-4897-AC82-4B37D97B831D}.Debug|iPhone.Build.0 = Debug|Any CPU
		{1771C7DD-B47C-4897-AC82-4B37D97B831D}.Debug|iPhoneSimulator.ActiveCfg = Debug|Any CPU
		{1771C7DD-B47C-4897-AC82-4B37D97B831D}.Debug|iPhoneSimulator.Build.0 = Debug|Any CPU
		{1771C7DD-B47C-4897-AC82-4B37D97B831D}.Release|Any CPU.ActiveCfg = Release|Any CPU
		{1771C7DD-B47C-4897-AC82-4B37D97B831D}.Release|Any CPU.Build.0 = Release|Any CPU
		{1771C7DD-B47C-4897-AC82-4B37D97B831D}.Release|iPhone.ActiveCfg = Release|Any CPU
		{1771C7DD-B47C-4897-AC82-4B37D97B831D}.Release|iPhone.Build.0 = Release|Any CPU
		{1771C7DD-B47C-4897-AC82-4B37D97B831D}.Release|iPhoneSimulator.ActiveCfg = Release|Any CPU
		{1771C7DD-B47C-4897-AC82-4B37D97B831D}.Release|iPhoneSimulator.Build.0 = Release|Any CPU
		{3AF9AD4F-240F-49BB-8B28-0425835EB5B6}.Ad-Hoc|Any CPU.ActiveCfg = Release|Any CPU
		{3AF9AD4F-240F-49BB-8B28-0425835EB5B6}.Ad-Hoc|Any CPU.Build.0 = Release|Any CPU
		{3AF9AD4F-240F-49BB-8B28-0425835EB5B6}.Ad-Hoc|iPhone.ActiveCfg = Release|Any CPU
		{3AF9AD4F-240F-49BB-8B28-0425835EB5B6}.Ad-Hoc|iPhone.Build.0 = Release|Any CPU
		{3AF9AD4F-240F-49BB-8B28-0425835EB5B6}.Ad-Hoc|iPhoneSimulator.ActiveCfg = Release|Any CPU
		{3AF9AD4F-240F-49BB-8B28-0425835EB5B6}.Ad-Hoc|iPhoneSimulator.Build.0 = Release|Any CPU
		{3AF9AD4F-240F-49BB-8B28-0425835EB5B6}.AppStore|Any CPU.ActiveCfg = Release|Any CPU
		{3AF9AD4F-240F-49BB-8B28-0425835EB5B6}.AppStore|Any CPU.Build.0 = Release|Any CPU
		{3AF9AD4F-240F-49BB-8B28-0425835EB5B6}.AppStore|iPhone.ActiveCfg = Release|Any CPU
		{3AF9AD4F-240F-49BB-8B28-0425835EB5B6}.AppStore|iPhone.Build.0 = Release|Any CPU
		{3AF9AD4F-240F-49BB-8B28-0425835EB5B6}.AppStore|iPhoneSimulator.ActiveCfg = Release|Any CPU
		{3AF9AD4F-240F-49BB-8B28-0425835EB5B6}.AppStore|iPhoneSimulator.Build.0 = Release|Any CPU
		{3AF9AD4F-240F-49BB-8B28-0425835EB5B6}.Debug|Any CPU.ActiveCfg = Debug|Any CPU
		{3AF9AD4F-240F-49BB-8B28-0425835EB5B6}.Debug|Any CPU.Build.0 = Debug|Any CPU
		{3AF9AD4F-240F-49BB-8B28-0425835EB5B6}.Debug|iPhone.ActiveCfg = Debug|Any CPU
		{3AF9AD4F-240F-49BB-8B28-0425835EB5B6}.Debug|iPhone.Build.0 = Debug|Any CPU
		{3AF9AD4F-240F-49BB-8B28-0425835EB5B6}.Debug|iPhoneSimulator.ActiveCfg = Debug|Any CPU
		{3AF9AD4F-240F-49BB-8B28-0425835EB5B6}.Debug|iPhoneSimulator.Build.0 = Debug|Any CPU
		{3AF9AD4F-240F-49BB-8B28-0425835EB5B6}.Release|Any CPU.ActiveCfg = Release|Any CPU
		{3AF9AD4F-240F-49BB-8B28-0425835EB5B6}.Release|Any CPU.Build.0 = Release|Any CPU
		{3AF9AD4F-240F-49BB-8B28-0425835EB5B6}.Release|iPhone.ActiveCfg = Release|Any CPU
		{3AF9AD4F-240F-49BB-8B28-0425835EB5B6}.Release|iPhone.Build.0 = Release|Any CPU
		{3AF9AD4F-240F-49BB-8B28-0425835EB5B6}.Release|iPhoneSimulator.ActiveCfg = Release|Any CPU
		{3AF9AD4F-240F-49BB-8B28-0425835EB5B6}.Release|iPhoneSimulator.Build.0 = Release|Any CPU
	EndGlobalSection
	GlobalSection(SolutionProperties) = preSolution
		HideSolutionNode = FALSE
	EndGlobalSection
	GlobalSection(ExtensibilityGlobals) = postSolution
		SolutionGuid = {68386DD8-1280-4F0D-B2F2-9B7C295FAF54}
	EndGlobalSection
EndGlobal
